
Microsoft Visual Studio Solution File, Format Version 12.00
# Visual Studio Version 17
VisualStudioVersion = 17.2.32616.157
MinimumVisualStudioVersion = 10.0.40219.1
Project("{FAE04EC0-301F-11D3-BF4B-00C04F79EFBC}") = "AzureDownloadAllBlobsFromContainer", "AzureDownloadAllBlobsFromContainer\AzureDownloadAllBlobsFromContainer.csproj", "{409AE6F6-C1EA-488A-903A-1F19B6144713}"
EndProject
Global
	GlobalSection(SolutionConfigurationPlatforms) = preSolution
		Debug|Any CPU = Debug|Any CPU
		Release|Any CPU = Release|Any CPU
	EndGlobalSection
	GlobalSection(ProjectConfigurationPlatforms) = postSolution
		{409AE6F6-C1EA-488A-903A-1F19B6144713}.Debug|Any CPU.ActiveCfg = Debug|Any CPU
		{409AE6F6-C1EA-488A-903A-1F19B6144713}.Debug|Any CPU.Build.0 = Debug|Any CPU
		{409AE6F6-C1EA-488A-903A-1F19B6144713}.Release|Any CPU.ActiveCfg = Release|Any CPU
		{409AE6F6-C1EA-488A-903A-1F19B6144713}.Release|Any CPU.Build.0 = Release|Any CPU
	EndGlobalSection
	GlobalSection(SolutionProperties) = preSolution
		HideSolutionNode = FALSE
	EndGlobalSection
	GlobalSection(ExtensibilityGlobals) = postSolution
		SolutionGuid = {1E8BAE4E-74E1-447E-8D88-0F6923C1F68B}
	EndGlobalSection
EndGlobal
